// !$*UTF8*$!
{
	archiveVersion = 1;
	classes = {
	};
	objectVersion = 55;
	objects = {

/* Begin PBXBuildFile section */
		32078A572859780E00FF2980 /* GoogleService-Info (1).plist in Resources */ = {isa = PBXBuildFile; fileRef = 32078A562859780E00FF2980 /* GoogleService-Info (1).plist */; };
		32078A5D2859816B00FF2980 /* ForumViewController.swift in Sources */ = {isa = PBXBuildFile; fileRef = 32078A5C2859816B00FF2980 /* ForumViewController.swift */; };
		32078A602859832600FF2980 /* TalentViewController.swift in Sources */ = {isa = PBXBuildFile; fileRef = 32078A5F2859832500FF2980 /* TalentViewController.swift */; };
		32078A652859837500FF2980 /* AccountViewController.swift in Sources */ = {isa = PBXBuildFile; fileRef = 32078A642859837500FF2980 /* AccountViewController.swift */; };
		32078A67285989E200FF2980 /* UIView+Extension.swift in Sources */ = {isa = PBXBuildFile; fileRef = 32078A66285989E200FF2980 /* UIView+Extension.swift */; };
		32078A6928598E9800FF2980 /* UIScreen+Extentsion.swift in Sources */ = {isa = PBXBuildFile; fileRef = 32078A6828598E9800FF2980 /* UIScreen+Extentsion.swift */; };
		32078A6C2859955A00FF2980 /* ForumCollectionViewCell.swift in Sources */ = {isa = PBXBuildFile; fileRef = 32078A6B2859955A00FF2980 /* ForumCollectionViewCell.swift */; };
		32078A6F2859C46100FF2980 /* ExploreCollectionViewCell.swift in Sources */ = {isa = PBXBuildFile; fileRef = 32078A6E2859C46100FF2980 /* ExploreCollectionViewCell.swift */; };
		32078A712859C47E00FF2980 /* ExploreViewController.swift in Sources */ = {isa = PBXBuildFile; fileRef = 32078A702859C47E00FF2980 /* ExploreViewController.swift */; };
		32078A732859E82900FF2980 /* ForumLobbyViewController.swift in Sources */ = {isa = PBXBuildFile; fileRef = 32078A722859E82900FF2980 /* ForumLobbyViewController.swift */; };
		32078A75285A085E00FF2980 /* ForumLobbyTableViewCell.swift in Sources */ = {isa = PBXBuildFile; fileRef = 32078A74285A085D00FF2980 /* ForumLobbyTableViewCell.swift */; };
		32138B252858860200916700 /* AppDelegate.swift in Sources */ = {isa = PBXBuildFile; fileRef = 32138B242858860200916700 /* AppDelegate.swift */; };
		32138B272858860200916700 /* SceneDelegate.swift in Sources */ = {isa = PBXBuildFile; fileRef = 32138B262858860200916700 /* SceneDelegate.swift */; };
		32138B2C2858860200916700 /* Main.storyboard in Resources */ = {isa = PBXBuildFile; fileRef = 32138B2A2858860200916700 /* Main.storyboard */; };
		32138B2F2858860200916700 /* NaturianAPP.xcdatamodeld in Sources */ = {isa = PBXBuildFile; fileRef = 32138B2D2858860200916700 /* NaturianAPP.xcdatamodeld */; };
		32138B312858860400916700 /* Assets.xcassets in Resources */ = {isa = PBXBuildFile; fileRef = 32138B302858860400916700 /* Assets.xcassets */; };
		32138B342858860400916700 /* LaunchScreen.storyboard in Resources */ = {isa = PBXBuildFile; fileRef = 32138B322858860400916700 /* LaunchScreen.storyboard */; };
		32B3ECC7285B94F600B5C16B /* TalentManageViewController.swift in Sources */ = {isa = PBXBuildFile; fileRef = 32B3ECC6285B94F600B5C16B /* TalentManageViewController.swift */; };
		32B3ECCA285B953100B5C16B /* MyTalentViewController.swift in Sources */ = {isa = PBXBuildFile; fileRef = 32B3ECC9285B953100B5C16B /* MyTalentViewController.swift */; };
		32B3ECCC285B954100B5C16B /* OthersTalentViewController.swift in Sources */ = {isa = PBXBuildFile; fileRef = 32B3ECCB285B954100B5C16B /* OthersTalentViewController.swift */; };
		32B3ECCF285B98ED00B5C16B /* MyTalentTableViewCell.swift in Sources */ = {isa = PBXBuildFile; fileRef = 32B3ECCE285B98ED00B5C16B /* MyTalentTableViewCell.swift */; };
		32B3ECD1285B98FD00B5C16B /* OthersTalentTableViewCell.swift in Sources */ = {isa = PBXBuildFile; fileRef = 32B3ECD0285B98FD00B5C16B /* OthersTalentTableViewCell.swift */; };
		32C86601285A12920090A49D /* MandarinString+Extension.swift in Sources */ = {isa = PBXBuildFile; fileRef = 32C86600285A12920090A49D /* MandarinString+Extension.swift */; };
		32C86603285A12E70090A49D /* UITextField+Extension.swift in Sources */ = {isa = PBXBuildFile; fileRef = 32C86602285A12E70090A49D /* UITextField+Extension.swift */; };
		32C86605285A48250090A49D /* PostArticleViewController.swift in Sources */ = {isa = PBXBuildFile; fileRef = 32C86604285A48250090A49D /* PostArticleViewController.swift */; };
		32C86607285AC8C60090A49D /* ForumDetailViewController.swift in Sources */ = {isa = PBXBuildFile; fileRef = 32C86606285AC8C60090A49D /* ForumDetailViewController.swift */; };
		32C8660D285ACDEC0090A49D /* ForumDetailTableViewCell.swift in Sources */ = {isa = PBXBuildFile; fileRef = 32C8660C285ACDEC0090A49D /* ForumDetailTableViewCell.swift */; };
		32C8660F285AD56D0090A49D /* PostArticleModel.swift in Sources */ = {isa = PBXBuildFile; fileRef = 32C8660E285AD56D0090A49D /* PostArticleModel.swift */; };
		32C86612285B206E0090A49D /* TalentLobbyTableViewCell.swift in Sources */ = {isa = PBXBuildFile; fileRef = 32C86611285B206E0090A49D /* TalentLobbyTableViewCell.swift */; };
		32C86615285B48BC0090A49D /* TalentLobbyTableView.xib in Resources */ = {isa = PBXBuildFile; fileRef = 32C86614285B48BC0090A49D /* TalentLobbyTableView.xib */; };
		32E775A9285C4C9F003E82F3 /* PostTalentVC.swift in Sources */ = {isa = PBXBuildFile; fileRef = 32E775A8285C4C9F003E82F3 /* PostTalentVC.swift */; };
		32E775AB285C52D8003E82F3 /* UIFont+Extension.swift in Sources */ = {isa = PBXBuildFile; fileRef = 32E775AA285C52D8003E82F3 /* UIFont+Extension.swift */; };
		E9D03261FB483CAF14146DE3 /* Pods_NaturianAPP.framework in Frameworks */ = {isa = PBXBuildFile; fileRef = 54718C951611A8B9CE333FE3 /* Pods_NaturianAPP.framework */; };
/* End PBXBuildFile section */

/* Begin PBXFileReference section */
		32078A562859780E00FF2980 /* GoogleService-Info (1).plist */ = {isa = PBXFileReference; fileEncoding = 4; lastKnownFileType = text.plist.xml; path = "GoogleService-Info (1).plist"; sourceTree = "<group>"; };
		32078A5C2859816B00FF2980 /* ForumViewController.swift */ = {isa = PBXFileReference; lastKnownFileType = sourcecode.swift; path = ForumViewController.swift; sourceTree = "<group>"; };
		32078A5F2859832500FF2980 /* TalentViewController.swift */ = {isa = PBXFileReference; lastKnownFileType = sourcecode.swift; path = TalentViewController.swift; sourceTree = "<group>"; };
		32078A642859837500FF2980 /* AccountViewController.swift */ = {isa = PBXFileReference; lastKnownFileType = sourcecode.swift; path = AccountViewController.swift; sourceTree = "<group>"; };
		32078A66285989E200FF2980 /* UIView+Extension.swift */ = {isa = PBXFileReference; lastKnownFileType = sourcecode.swift; path = "UIView+Extension.swift"; sourceTree = "<group>"; };
		32078A6828598E9800FF2980 /* UIScreen+Extentsion.swift */ = {isa = PBXFileReference; lastKnownFileType = sourcecode.swift; path = "UIScreen+Extentsion.swift"; sourceTree = "<group>"; };
		32078A6B2859955A00FF2980 /* ForumCollectionViewCell.swift */ = {isa = PBXFileReference; lastKnownFileType = sourcecode.swift; path = ForumCollectionViewCell.swift; sourceTree = "<group>"; };
		32078A6E2859C46100FF2980 /* ExploreCollectionViewCell.swift */ = {isa = PBXFileReference; lastKnownFileType = sourcecode.swift; path = ExploreCollectionViewCell.swift; sourceTree = "<group>"; };
		32078A702859C47E00FF2980 /* ExploreViewController.swift */ = {isa = PBXFileReference; lastKnownFileType = sourcecode.swift; path = ExploreViewController.swift; sourceTree = "<group>"; };
		32078A722859E82900FF2980 /* ForumLobbyViewController.swift */ = {isa = PBXFileReference; lastKnownFileType = sourcecode.swift; path = ForumLobbyViewController.swift; sourceTree = "<group>"; };
		32078A74285A085D00FF2980 /* ForumLobbyTableViewCell.swift */ = {isa = PBXFileReference; lastKnownFileType = sourcecode.swift; path = ForumLobbyTableViewCell.swift; sourceTree = "<group>"; };
		32138B212858860200916700 /* NaturianAPP.app */ = {isa = PBXFileReference; explicitFileType = wrapper.application; includeInIndex = 0; path = NaturianAPP.app; sourceTree = BUILT_PRODUCTS_DIR; };
		32138B242858860200916700 /* AppDelegate.swift */ = {isa = PBXFileReference; lastKnownFileType = sourcecode.swift; path = AppDelegate.swift; sourceTree = "<group>"; };
		32138B262858860200916700 /* SceneDelegate.swift */ = {isa = PBXFileReference; lastKnownFileType = sourcecode.swift; path = SceneDelegate.swift; sourceTree = "<group>"; };
		32138B2B2858860200916700 /* Base */ = {isa = PBXFileReference; lastKnownFileType = file.storyboard; name = Base; path = Base.lproj/Main.storyboard; sourceTree = "<group>"; };
		32138B2E2858860200916700 /* NaturianAPP.xcdatamodel */ = {isa = PBXFileReference; lastKnownFileType = wrapper.xcdatamodel; path = NaturianAPP.xcdatamodel; sourceTree = "<group>"; };
		32138B302858860400916700 /* Assets.xcassets */ = {isa = PBXFileReference; lastKnownFileType = folder.assetcatalog; path = Assets.xcassets; sourceTree = "<group>"; };
		32138B332858860400916700 /* Base */ = {isa = PBXFileReference; lastKnownFileType = file.storyboard; name = Base; path = Base.lproj/LaunchScreen.storyboard; sourceTree = "<group>"; };
		32138B352858860400916700 /* Info.plist */ = {isa = PBXFileReference; lastKnownFileType = text.plist.xml; path = Info.plist; sourceTree = "<group>"; };
		32B3ECC6285B94F600B5C16B /* TalentManageViewController.swift */ = {isa = PBXFileReference; lastKnownFileType = sourcecode.swift; path = TalentManageViewController.swift; sourceTree = "<group>"; };
		32B3ECC9285B953100B5C16B /* MyTalentViewController.swift */ = {isa = PBXFileReference; lastKnownFileType = sourcecode.swift; path = MyTalentViewController.swift; sourceTree = "<group>"; };
		32B3ECCB285B954100B5C16B /* OthersTalentViewController.swift */ = {isa = PBXFileReference; lastKnownFileType = sourcecode.swift; path = OthersTalentViewController.swift; sourceTree = "<group>"; };
		32B3ECCE285B98ED00B5C16B /* MyTalentTableViewCell.swift */ = {isa = PBXFileReference; lastKnownFileType = sourcecode.swift; path = MyTalentTableViewCell.swift; sourceTree = "<group>"; };
		32B3ECD0285B98FD00B5C16B /* OthersTalentTableViewCell.swift */ = {isa = PBXFileReference; lastKnownFileType = sourcecode.swift; path = OthersTalentTableViewCell.swift; sourceTree = "<group>"; };
		32C86600285A12920090A49D /* MandarinString+Extension.swift */ = {isa = PBXFileReference; lastKnownFileType = sourcecode.swift; path = "MandarinString+Extension.swift"; sourceTree = "<group>"; };
		32C86602285A12E70090A49D /* UITextField+Extension.swift */ = {isa = PBXFileReference; lastKnownFileType = sourcecode.swift; path = "UITextField+Extension.swift"; sourceTree = "<group>"; };
		32C86604285A48250090A49D /* PostArticleViewController.swift */ = {isa = PBXFileReference; lastKnownFileType = sourcecode.swift; path = PostArticleViewController.swift; sourceTree = "<group>"; };
		32C86606285AC8C60090A49D /* ForumDetailViewController.swift */ = {isa = PBXFileReference; lastKnownFileType = sourcecode.swift; path = ForumDetailViewController.swift; sourceTree = "<group>"; };
		32C8660C285ACDEC0090A49D /* ForumDetailTableViewCell.swift */ = {isa = PBXFileReference; lastKnownFileType = sourcecode.swift; path = ForumDetailTableViewCell.swift; sourceTree = "<group>"; };
		32C8660E285AD56D0090A49D /* PostArticleModel.swift */ = {isa = PBXFileReference; lastKnownFileType = sourcecode.swift; path = PostArticleModel.swift; sourceTree = "<group>"; };
		32C86611285B206E0090A49D /* TalentLobbyTableViewCell.swift */ = {isa = PBXFileReference; lastKnownFileType = sourcecode.swift; path = TalentLobbyTableViewCell.swift; sourceTree = "<group>"; };
		32C86614285B48BC0090A49D /* TalentLobbyTableView.xib */ = {isa = PBXFileReference; lastKnownFileType = file.xib; path = TalentLobbyTableView.xib; sourceTree = "<group>"; };
		32E775A8285C4C9F003E82F3 /* PostTalentVC.swift */ = {isa = PBXFileReference; lastKnownFileType = sourcecode.swift; path = PostTalentVC.swift; sourceTree = "<group>"; };
		32E775AA285C52D8003E82F3 /* UIFont+Extension.swift */ = {isa = PBXFileReference; lastKnownFileType = sourcecode.swift; path = "UIFont+Extension.swift"; sourceTree = "<group>"; };
		54718C951611A8B9CE333FE3 /* Pods_NaturianAPP.framework */ = {isa = PBXFileReference; explicitFileType = wrapper.framework; includeInIndex = 0; path = Pods_NaturianAPP.framework; sourceTree = BUILT_PRODUCTS_DIR; };
		7FD31DB3DF6C8850DAC0C08E /* Pods-NaturianAPP.release.xcconfig */ = {isa = PBXFileReference; includeInIndex = 1; lastKnownFileType = text.xcconfig; name = "Pods-NaturianAPP.release.xcconfig"; path = "Target Support Files/Pods-NaturianAPP/Pods-NaturianAPP.release.xcconfig"; sourceTree = "<group>"; };
		ACE8C8900E83AB5BFA52CE15 /* Pods-NaturianAPP.debug.xcconfig */ = {isa = PBXFileReference; includeInIndex = 1; lastKnownFileType = text.xcconfig; name = "Pods-NaturianAPP.debug.xcconfig"; path = "Target Support Files/Pods-NaturianAPP/Pods-NaturianAPP.debug.xcconfig"; sourceTree = "<group>"; };
/* End PBXFileReference section */

/* Begin PBXFrameworksBuildPhase section */
		32138B1E2858860200916700 /* Frameworks */ = {
			isa = PBXFrameworksBuildPhase;
			buildActionMask = 2147483647;
			files = (
				E9D03261FB483CAF14146DE3 /* Pods_NaturianAPP.framework in Frameworks */,
			);
			runOnlyForDeploymentPostprocessing = 0;
		};
/* End PBXFrameworksBuildPhase section */

/* Begin PBXGroup section */
		32078A52285957F600FF2980 /* Controller */ = {
			isa = PBXGroup;
			children = (
				32078A632859835400FF2980 /* Account */,
				32078A612859832B00FF2980 /* Talent */,
				32078A622859834600FF2980 /* Explore */,
				32078A5E2859817000FF2980 /* Forum */,
			);
			path = Controller;
			sourceTree = "<group>";
		};
		32078A532859580E00FF2980 /* Model */ = {
			isa = PBXGroup;
			children = (
				32C8660E285AD56D0090A49D /* PostArticleModel.swift */,
				32C86613285B20CC0090A49D /* Forum */,
				32C86614285B48BC0090A49D /* TalentLobbyTableView.xib */,
			);
			path = Model;
			sourceTree = "<group>";
		};
		32078A5828597AF800FF2980 /* Extension */ = {
			isa = PBXGroup;
			children = (
				32078A66285989E200FF2980 /* UIView+Extension.swift */,
				32078A6828598E9800FF2980 /* UIScreen+Extentsion.swift */,
				32C86600285A12920090A49D /* MandarinString+Extension.swift */,
				32C86602285A12E70090A49D /* UITextField+Extension.swift */,
				32E775AA285C52D8003E82F3 /* UIFont+Extension.swift */,
			);
			path = Extension;
			sourceTree = "<group>";
		};
		32078A5928597B1A00FF2980 /* View */ = {
			isa = PBXGroup;
			children = (
				32078A6D2859C44800FF2980 /* Explore */,
				32B3ECCD285B98D400B5C16B /* Talent */,
				32078A6A2859952900FF2980 /* Forum */,
			);
			path = View;
			sourceTree = "<group>";
		};
		32078A5A28597D6700FF2980 /* Resource */ = {
			isa = PBXGroup;
			children = (
			);
			path = Resource;
			sourceTree = "<group>";
		};
		32078A5B28597DCB00FF2980 /* Network */ = {
			isa = PBXGroup;
			children = (
			);
			path = Network;
			sourceTree = "<group>";
		};
		32078A5E2859817000FF2980 /* Forum */ = {
			isa = PBXGroup;
			children = (
				32078A5C2859816B00FF2980 /* ForumViewController.swift */,
				32078A722859E82900FF2980 /* ForumLobbyViewController.swift */,
				32C86604285A48250090A49D /* PostArticleViewController.swift */,
				32C86606285AC8C60090A49D /* ForumDetailViewController.swift */,
			);
			path = Forum;
			sourceTree = "<group>";
		};
		32078A612859832B00FF2980 /* Talent */ = {
			isa = PBXGroup;
			children = (
				32078A5F2859832500FF2980 /* TalentViewController.swift */,
				32B3ECC6285B94F600B5C16B /* TalentManageViewController.swift */,
			);
			path = Talent;
			sourceTree = "<group>";
		};
		32078A622859834600FF2980 /* Explore */ = {
			isa = PBXGroup;
			children = (
				32078A702859C47E00FF2980 /* ExploreViewController.swift */,
			);
			path = Explore;
			sourceTree = "<group>";
		};
		32078A632859835400FF2980 /* Account */ = {
			isa = PBXGroup;
			children = (
				32078A642859837500FF2980 /* AccountViewController.swift */,
				32B3ECC9285B953100B5C16B /* MyTalentViewController.swift */,
				32B3ECCB285B954100B5C16B /* OthersTalentViewController.swift */,
				32E775A8285C4C9F003E82F3 /* PostTalentVC.swift */,
			);
			path = Account;
			sourceTree = "<group>";
		};
		32078A6A2859952900FF2980 /* Forum */ = {
			isa = PBXGroup;
			children = (
				32078A6B2859955A00FF2980 /* ForumCollectionViewCell.swift */,
				32078A74285A085D00FF2980 /* ForumLobbyTableViewCell.swift */,
				32C8660C285ACDEC0090A49D /* ForumDetailTableViewCell.swift */,
			);
			path = Forum;
			sourceTree = "<group>";
		};
		32078A6D2859C44800FF2980 /* Explore */ = {
			isa = PBXGroup;
			children = (
				32078A6E2859C46100FF2980 /* ExploreCollectionViewCell.swift */,
			);
			path = Explore;
			sourceTree = "<group>";
		};
		32138B182858860200916700 = {
			isa = PBXGroup;
			children = (
				32138B232858860200916700 /* NaturianAPP */,
				32138B222858860200916700 /* Products */,
				BF64B4D2C82161FD45A69DD7 /* Pods */,
				AD191C2C55B9D742F5BC961D /* Frameworks */,
			);
			sourceTree = "<group>";
		};
		32138B222858860200916700 /* Products */ = {
			isa = PBXGroup;
			children = (
				32138B212858860200916700 /* NaturianAPP.app */,
			);
			name = Products;
			sourceTree = "<group>";
		};
		32138B232858860200916700 /* NaturianAPP */ = {
			isa = PBXGroup;
			children = (
				32138B242858860200916700 /* AppDelegate.swift */,
				32138B262858860200916700 /* SceneDelegate.swift */,
				32078A5828597AF800FF2980 /* Extension */,
				32078A5B28597DCB00FF2980 /* Network */,
				32078A5A28597D6700FF2980 /* Resource */,
				32078A532859580E00FF2980 /* Model */,
				32078A52285957F600FF2980 /* Controller */,
				32078A5928597B1A00FF2980 /* View */,
				32138B2A2858860200916700 /* Main.storyboard */,
				32138B302858860400916700 /* Assets.xcassets */,
				32138B322858860400916700 /* LaunchScreen.storyboard */,
				32138B352858860400916700 /* Info.plist */,
				32138B2D2858860200916700 /* NaturianAPP.xcdatamodeld */,
				32078A562859780E00FF2980 /* GoogleService-Info (1).plist */,
			);
			path = NaturianAPP;
			sourceTree = "<group>";
		};
		32B3ECCD285B98D400B5C16B /* Talent */ = {
			isa = PBXGroup;
			children = (
				32C86611285B206E0090A49D /* TalentLobbyTableViewCell.swift */,
				32B3ECCE285B98ED00B5C16B /* MyTalentTableViewCell.swift */,
				32B3ECD0285B98FD00B5C16B /* OthersTalentTableViewCell.swift */,
			);
			path = Talent;
			sourceTree = "<group>";
		};
		32C86613285B20CC0090A49D /* Forum */ = {
			isa = PBXGroup;
			children = (
			);
			path = Forum;
			sourceTree = "<group>";
		};
		AD191C2C55B9D742F5BC961D /* Frameworks */ = {
			isa = PBXGroup;
			children = (
				54718C951611A8B9CE333FE3 /* Pods_NaturianAPP.framework */,
			);
			name = Frameworks;
			sourceTree = "<group>";
		};
		BF64B4D2C82161FD45A69DD7 /* Pods */ = {
			isa = PBXGroup;
			children = (
				ACE8C8900E83AB5BFA52CE15 /* Pods-NaturianAPP.debug.xcconfig */,
				7FD31DB3DF6C8850DAC0C08E /* Pods-NaturianAPP.release.xcconfig */,
			);
			path = Pods;
			sourceTree = "<group>";
		};
/* End PBXGroup section */

/* Begin PBXNativeTarget section */
		32138B202858860200916700 /* NaturianAPP */ = {
			isa = PBXNativeTarget;
			buildConfigurationList = 32138B382858860400916700 /* Build configuration list for PBXNativeTarget "NaturianAPP" */;
			buildPhases = (
				A1C35ECFA2946D9924871AAD /* [CP] Check Pods Manifest.lock */,
				32138B1D2858860200916700 /* Sources */,
				32138B1E2858860200916700 /* Frameworks */,
				32138B1F2858860200916700 /* Resources */,
				32078A512858C56300FF2980 /* ShellScript */,
				BAF5EAE99017428B49E5BC3D /* [CP] Embed Pods Frameworks */,
			);
			buildRules = (
			);
			dependencies = (
			);
			name = NaturianAPP;
			productName = NaturianAPP;
			productReference = 32138B212858860200916700 /* NaturianAPP.app */;
			productType = "com.apple.product-type.application";
		};
/* End PBXNativeTarget section */

/* Begin PBXProject section */
		32138B192858860200916700 /* Project object */ = {
			isa = PBXProject;
			attributes = {
				BuildIndependentTargetsInParallel = 1;
				LastSwiftUpdateCheck = 1330;
				LastUpgradeCheck = 1330;
				TargetAttributes = {
					32138B202858860200916700 = {
						CreatedOnToolsVersion = 13.3.1;
					};
				};
			};
			buildConfigurationList = 32138B1C2858860200916700 /* Build configuration list for PBXProject "Naturian" */;
			compatibilityVersion = "Xcode 13.0";
			developmentRegion = en;
			hasScannedForEncodings = 0;
			knownRegions = (
				en,
				Base,
			);
			mainGroup = 32138B182858860200916700;
			productRefGroup = 32138B222858860200916700 /* Products */;
			projectDirPath = "";
			projectRoot = "";
			targets = (
				32138B202858860200916700 /* NaturianAPP */,
			);
		};
/* End PBXProject section */

/* Begin PBXResourcesBuildPhase section */
		32138B1F2858860200916700 /* Resources */ = {
			isa = PBXResourcesBuildPhase;
			buildActionMask = 2147483647;
			files = (
				32138B342858860400916700 /* LaunchScreen.storyboard in Resources */,
				32C86615285B48BC0090A49D /* TalentLobbyTableView.xib in Resources */,
				32138B312858860400916700 /* Assets.xcassets in Resources */,
				32138B2C2858860200916700 /* Main.storyboard in Resources */,
				32078A572859780E00FF2980 /* GoogleService-Info (1).plist in Resources */,
			);
			runOnlyForDeploymentPostprocessing = 0;
		};
/* End PBXResourcesBuildPhase section */

/* Begin PBXShellScriptBuildPhase section */
		32078A512858C56300FF2980 /* ShellScript */ = {
			isa = PBXShellScriptBuildPhase;
			buildActionMask = 12;
			files = (
			);
			inputFileListPaths = (
			);
			inputPaths = (
			);
			outputFileListPaths = (
			);
			outputPaths = (
			);
			runOnlyForDeploymentPostprocessing = 0;
			shellPath = /bin/sh;
			shellScript = "\"${PODS_ROOT}/SwiftLint/swiftlint\"\n";
		};
		A1C35ECFA2946D9924871AAD /* [CP] Check Pods Manifest.lock */ = {
			isa = PBXShellScriptBuildPhase;
			buildActionMask = 2147483647;
			files = (
			);
			inputFileListPaths = (
			);
			inputPaths = (
				"${PODS_PODFILE_DIR_PATH}/Podfile.lock",
				"${PODS_ROOT}/Manifest.lock",
			);
			name = "[CP] Check Pods Manifest.lock";
			outputFileListPaths = (
			);
			outputPaths = (
				"$(DERIVED_FILE_DIR)/Pods-NaturianAPP-checkManifestLockResult.txt",
			);
			runOnlyForDeploymentPostprocessing = 0;
			shellPath = /bin/sh;
			shellScript = "diff \"${PODS_PODFILE_DIR_PATH}/Podfile.lock\" \"${PODS_ROOT}/Manifest.lock\" > /dev/null\nif [ $? != 0 ] ; then\n    # print error to STDERR\n    echo \"error: The sandbox is not in sync with the Podfile.lock. Run 'pod install' or update your CocoaPods installation.\" >&2\n    exit 1\nfi\n# This output is used by Xcode 'outputs' to avoid re-running this script phase.\necho \"SUCCESS\" > \"${SCRIPT_OUTPUT_FILE_0}\"\n";
			showEnvVarsInLog = 0;
		};
		BAF5EAE99017428B49E5BC3D /* [CP] Embed Pods Frameworks */ = {
			isa = PBXShellScriptBuildPhase;
			buildActionMask = 2147483647;
			files = (
			);
			inputFileListPaths = (
				"${PODS_ROOT}/Target Support Files/Pods-NaturianAPP/Pods-NaturianAPP-frameworks-${CONFIGURATION}-input-files.xcfilelist",
			);
			name = "[CP] Embed Pods Frameworks";
			outputFileListPaths = (
				"${PODS_ROOT}/Target Support Files/Pods-NaturianAPP/Pods-NaturianAPP-frameworks-${CONFIGURATION}-output-files.xcfilelist",
			);
			runOnlyForDeploymentPostprocessing = 0;
			shellPath = /bin/sh;
			shellScript = "\"${PODS_ROOT}/Target Support Files/Pods-NaturianAPP/Pods-NaturianAPP-frameworks.sh\"\n";
			showEnvVarsInLog = 0;
		};
/* End PBXShellScriptBuildPhase section */

/* Begin PBXSourcesBuildPhase section */
		32138B1D2858860200916700 /* Sources */ = {
			isa = PBXSourcesBuildPhase;
			buildActionMask = 2147483647;
			files = (
				32138B252858860200916700 /* AppDelegate.swift in Sources */,
				32078A652859837500FF2980 /* AccountViewController.swift in Sources */,
				32078A5D2859816B00FF2980 /* ForumViewController.swift in Sources */,
				32078A6C2859955A00FF2980 /* ForumCollectionViewCell.swift in Sources */,
				32B3ECCF285B98ED00B5C16B /* MyTalentTableViewCell.swift in Sources */,
				32C8660D285ACDEC0090A49D /* ForumDetailTableViewCell.swift in Sources */,
				32B3ECC7285B94F600B5C16B /* TalentManageViewController.swift in Sources */,
				32C86603285A12E70090A49D /* UITextField+Extension.swift in Sources */,
				32078A6928598E9800FF2980 /* UIScreen+Extentsion.swift in Sources */,
				32C86601285A12920090A49D /* MandarinString+Extension.swift in Sources */,
				32078A75285A085E00FF2980 /* ForumLobbyTableViewCell.swift in Sources */,
				32138B272858860200916700 /* SceneDelegate.swift in Sources */,
				32078A732859E82900FF2980 /* ForumLobbyViewController.swift in Sources */,
				32C8660F285AD56D0090A49D /* PostArticleModel.swift in Sources */,
				32B3ECCC285B954100B5C16B /* OthersTalentViewController.swift in Sources */,
				32B3ECD1285B98FD00B5C16B /* OthersTalentTableViewCell.swift in Sources */,
				32C86607285AC8C60090A49D /* ForumDetailViewController.swift in Sources */,
				32E775AB285C52D8003E82F3 /* UIFont+Extension.swift in Sources */,
				32B3ECCA285B953100B5C16B /* MyTalentViewController.swift in Sources */,
				32078A6F2859C46100FF2980 /* ExploreCollectionViewCell.swift in Sources */,
				32078A712859C47E00FF2980 /* ExploreViewController.swift in Sources */,
				32078A67285989E200FF2980 /* UIView+Extension.swift in Sources */,
				32C86605285A48250090A49D /* PostArticleViewController.swift in Sources */,
				32E775A9285C4C9F003E82F3 /* PostTalentVC.swift in Sources */,
				32078A602859832600FF2980 /* TalentViewController.swift in Sources */,
				32C86612285B206E0090A49D /* TalentLobbyTableViewCell.swift in Sources */,
				32138B2F2858860200916700 /* NaturianAPP.xcdatamodeld in Sources */,
			);
			runOnlyForDeploymentPostprocessing = 0;
		};
/* End PBXSourcesBuildPhase section */

/* Begin PBXVariantGroup section */
		32138B2A2858860200916700 /* Main.storyboard */ = {
			isa = PBXVariantGroup;
			children = (
				32138B2B2858860200916700 /* Base */,
			);
			name = Main.storyboard;
			sourceTree = "<group>";
		};
		32138B322858860400916700 /* LaunchScreen.storyboard */ = {
			isa = PBXVariantGroup;
			children = (
				32138B332858860400916700 /* Base */,
			);
			name = LaunchScreen.storyboard;
			sourceTree = "<group>";
		};
/* End PBXVariantGroup section */

/* Begin XCBuildConfiguration section */
		32138B362858860400916700 /* Debug */ = {
			isa = XCBuildConfiguration;
			buildSettings = {
				ALWAYS_SEARCH_USER_PATHS = NO;
				CLANG_ANALYZER_NONNULL = YES;
				CLANG_ANALYZER_NUMBER_OBJECT_CONVERSION = YES_AGGRESSIVE;
				CLANG_CXX_LANGUAGE_STANDARD = "gnu++17";
				CLANG_ENABLE_MODULES = YES;
				CLANG_ENABLE_OBJC_ARC = YES;
				CLANG_ENABLE_OBJC_WEAK = YES;
				CLANG_WARN_BLOCK_CAPTURE_AUTORELEASING = YES;
				CLANG_WARN_BOOL_CONVERSION = YES;
				CLANG_WARN_COMMA = YES;
				CLANG_WARN_CONSTANT_CONVERSION = YES;
				CLANG_WARN_DEPRECATED_OBJC_IMPLEMENTATIONS = YES;
				CLANG_WARN_DIRECT_OBJC_ISA_USAGE = YES_ERROR;
				CLANG_WARN_DOCUMENTATION_COMMENTS = YES;
				CLANG_WARN_EMPTY_BODY = YES;
				CLANG_WARN_ENUM_CONVERSION = YES;
				CLANG_WARN_INFINITE_RECURSION = YES;
				CLANG_WARN_INT_CONVERSION = YES;
				CLANG_WARN_NON_LITERAL_NULL_CONVERSION = YES;
				CLANG_WARN_OBJC_IMPLICIT_RETAIN_SELF = YES;
				CLANG_WARN_OBJC_LITERAL_CONVERSION = YES;
				CLANG_WARN_OBJC_ROOT_CLASS = YES_ERROR;
				CLANG_WARN_QUOTED_INCLUDE_IN_FRAMEWORK_HEADER = YES;
				CLANG_WARN_RANGE_LOOP_ANALYSIS = YES;
				CLANG_WARN_STRICT_PROTOTYPES = YES;
				CLANG_WARN_SUSPICIOUS_MOVE = YES;
				CLANG_WARN_UNGUARDED_AVAILABILITY = YES_AGGRESSIVE;
				CLANG_WARN_UNREACHABLE_CODE = YES;
				CLANG_WARN__DUPLICATE_METHOD_MATCH = YES;
				COPY_PHASE_STRIP = NO;
				DEBUG_INFORMATION_FORMAT = dwarf;
				ENABLE_STRICT_OBJC_MSGSEND = YES;
				ENABLE_TESTABILITY = YES;
				GCC_C_LANGUAGE_STANDARD = gnu11;
				GCC_DYNAMIC_NO_PIC = NO;
				GCC_NO_COMMON_BLOCKS = YES;
				GCC_OPTIMIZATION_LEVEL = 0;
				GCC_PREPROCESSOR_DEFINITIONS = (
					"DEBUG=1",
					"$(inherited)",
				);
				GCC_WARN_64_TO_32_BIT_CONVERSION = YES;
				GCC_WARN_ABOUT_RETURN_TYPE = YES_ERROR;
				GCC_WARN_UNDECLARED_SELECTOR = YES;
				GCC_WARN_UNINITIALIZED_AUTOS = YES_AGGRESSIVE;
				GCC_WARN_UNUSED_FUNCTION = YES;
				GCC_WARN_UNUSED_VARIABLE = YES;
				IPHONEOS_DEPLOYMENT_TARGET = 15.4;
				MTL_ENABLE_DEBUG_INFO = INCLUDE_SOURCE;
				MTL_FAST_MATH = YES;
				ONLY_ACTIVE_ARCH = YES;
				SDKROOT = iphoneos;
				SWIFT_ACTIVE_COMPILATION_CONDITIONS = DEBUG;
				SWIFT_OPTIMIZATION_LEVEL = "-Onone";
			};
			name = Debug;
		};
		32138B372858860400916700 /* Release */ = {
			isa = XCBuildConfiguration;
			buildSettings = {
				ALWAYS_SEARCH_USER_PATHS = NO;
				CLANG_ANALYZER_NONNULL = YES;
				CLANG_ANALYZER_NUMBER_OBJECT_CONVERSION = YES_AGGRESSIVE;
				CLANG_CXX_LANGUAGE_STANDARD = "gnu++17";
				CLANG_ENABLE_MODULES = YES;
				CLANG_ENABLE_OBJC_ARC = YES;
				CLANG_ENABLE_OBJC_WEAK = YES;
				CLANG_WARN_BLOCK_CAPTURE_AUTORELEASING = YES;
				CLANG_WARN_BOOL_CONVERSION = YES;
				CLANG_WARN_COMMA = YES;
				CLANG_WARN_CONSTANT_CONVERSION = YES;
				CLANG_WARN_DEPRECATED_OBJC_IMPLEMENTATIONS = YES;
				CLANG_WARN_DIRECT_OBJC_ISA_USAGE = YES_ERROR;
				CLANG_WARN_DOCUMENTATION_COMMENTS = YES;
				CLANG_WARN_EMPTY_BODY = YES;
				CLANG_WARN_ENUM_CONVERSION = YES;
				CLANG_WARN_INFINITE_RECURSION = YES;
				CLANG_WARN_INT_CONVERSION = YES;
				CLANG_WARN_NON_LITERAL_NULL_CONVERSION = YES;
				CLANG_WARN_OBJC_IMPLICIT_RETAIN_SELF = YES;
				CLANG_WARN_OBJC_LITERAL_CONVERSION = YES;
				CLANG_WARN_OBJC_ROOT_CLASS = YES_ERROR;
				CLANG_WARN_QUOTED_INCLUDE_IN_FRAMEWORK_HEADER = YES;
				CLANG_WARN_RANGE_LOOP_ANALYSIS = YES;
				CLANG_WARN_STRICT_PROTOTYPES = YES;
				CLANG_WARN_SUSPICIOUS_MOVE = YES;
				CLANG_WARN_UNGUARDED_AVAILABILITY = YES_AGGRESSIVE;
				CLANG_WARN_UNREACHABLE_CODE = YES;
				CLANG_WARN__DUPLICATE_METHOD_MATCH = YES;
				COPY_PHASE_STRIP = NO;
				DEBUG_INFORMATION_FORMAT = "dwarf-with-dsym";
				ENABLE_NS_ASSERTIONS = NO;
				ENABLE_STRICT_OBJC_MSGSEND = YES;
				GCC_C_LANGUAGE_STANDARD = gnu11;
				GCC_NO_COMMON_BLOCKS = YES;
				GCC_WARN_64_TO_32_BIT_CONVERSION = YES;
				GCC_WARN_ABOUT_RETURN_TYPE = YES_ERROR;
				GCC_WARN_UNDECLARED_SELECTOR = YES;
				GCC_WARN_UNINITIALIZED_AUTOS = YES_AGGRESSIVE;
				GCC_WARN_UNUSED_FUNCTION = YES;
				GCC_WARN_UNUSED_VARIABLE = YES;
				IPHONEOS_DEPLOYMENT_TARGET = 15.4;
				MTL_ENABLE_DEBUG_INFO = NO;
				MTL_FAST_MATH = YES;
				SDKROOT = iphoneos;
				SWIFT_COMPILATION_MODE = wholemodule;
				SWIFT_OPTIMIZATION_LEVEL = "-O";
				VALIDATE_PRODUCT = YES;
			};
			name = Release;
		};
		32138B392858860400916700 /* Debug */ = {
			isa = XCBuildConfiguration;
			baseConfigurationReference = ACE8C8900E83AB5BFA52CE15 /* Pods-NaturianAPP.debug.xcconfig */;
			buildSettings = {
				ASSETCATALOG_COMPILER_APPICON_NAME = AppIcon;
				ASSETCATALOG_COMPILER_GLOBAL_ACCENT_COLOR_NAME = AccentColor;
				CODE_SIGN_STYLE = Automatic;
				CURRENT_PROJECT_VERSION = 1;
				DEVELOPMENT_TEAM = LLW367JD7R;
				GENERATE_INFOPLIST_FILE = YES;
				INFOPLIST_FILE = NaturianAPP/Info.plist;
				INFOPLIST_KEY_UIApplicationSupportsIndirectInputEvents = YES;
				INFOPLIST_KEY_UILaunchStoryboardName = LaunchScreen;
				INFOPLIST_KEY_UIMainStoryboardFile = Main;
				INFOPLIST_KEY_UISupportedInterfaceOrientations_iPad = "UIInterfaceOrientationPortrait UIInterfaceOrientationPortraitUpsideDown UIInterfaceOrientationLandscapeLeft UIInterfaceOrientationLandscapeRight";
				INFOPLIST_KEY_UISupportedInterfaceOrientations_iPhone = "UIInterfaceOrientationPortrait UIInterfaceOrientationLandscapeLeft UIInterfaceOrientationLandscapeRight";
				LD_RUNPATH_SEARCH_PATHS = (
					"$(inherited)",
					"@executable_path/Frameworks",
				);
				MARKETING_VERSION = 1.0;
				PRODUCT_BUNDLE_IDENTIFIER = com.JordanWu.NaturianAPP;
				PRODUCT_NAME = "$(TARGET_NAME)";
				SWIFT_EMIT_LOC_STRINGS = YES;
				SWIFT_VERSION = 5.0;
				TARGETED_DEVICE_FAMILY = "1,2";
			};
			name = Debug;
		};
		32138B3A2858860400916700 /* Release */ = {
			isa = XCBuildConfiguration;
			baseConfigurationReference = 7FD31DB3DF6C8850DAC0C08E /* Pods-NaturianAPP.release.xcconfig */;
			buildSettings = {
				ASSETCATALOG_COMPILER_APPICON_NAME = AppIcon;
				ASSETCATALOG_COMPILER_GLOBAL_ACCENT_COLOR_NAME = AccentColor;
				CODE_SIGN_STYLE = Automatic;
				CURRENT_PROJECT_VERSION = 1;
				DEVELOPMENT_TEAM = LLW367JD7R;
				GENERATE_INFOPLIST_FILE = YES;
				INFOPLIST_FILE = NaturianAPP/Info.plist;
				INFOPLIST_KEY_UIApplicationSupportsIndirectInputEvents = YES;
				INFOPLIST_KEY_UILaunchStoryboardName = LaunchScreen;
				INFOPLIST_KEY_UIMainStoryboardFile = Main;
				INFOPLIST_KEY_UISupportedInterfaceOrientations_iPad = "UIInterfaceOrientationPortrait UIInterfaceOrientationPortraitUpsideDown UIInterfaceOrientationLandscapeLeft UIInterfaceOrientationLandscapeRight";
				INFOPLIST_KEY_UISupportedInterfaceOrientations_iPhone = "UIInterfaceOrientationPortrait UIInterfaceOrientationLandscapeLeft UIInterfaceOrientationLandscapeRight";
				LD_RUNPATH_SEARCH_PATHS = (
					"$(inherited)",
					"@executable_path/Frameworks",
				);
				MARKETING_VERSION = 1.0;
				PRODUCT_BUNDLE_IDENTIFIER = com.JordanWu.NaturianAPP;
				PRODUCT_NAME = "$(TARGET_NAME)";
				SWIFT_EMIT_LOC_STRINGS = YES;
				SWIFT_VERSION = 5.0;
				TARGETED_DEVICE_FAMILY = "1,2";
			};
			name = Release;
		};
/* End XCBuildConfiguration section */

/* Begin XCConfigurationList section */
		32138B1C2858860200916700 /* Build configuration list for PBXProject "Naturian" */ = {
			isa = XCConfigurationList;
			buildConfigurations = (
				32138B362858860400916700 /* Debug */,
				32138B372858860400916700 /* Release */,
			);
			defaultConfigurationIsVisible = 0;
			defaultConfigurationName = Release;
		};
		32138B382858860400916700 /* Build configuration list for PBXNativeTarget "NaturianAPP" */ = {
			isa = XCConfigurationList;
			buildConfigurations = (
				32138B392858860400916700 /* Debug */,
				32138B3A2858860400916700 /* Release */,
			);
			defaultConfigurationIsVisible = 0;
			defaultConfigurationName = Release;
		};
/* End XCConfigurationList section */

/* Begin XCVersionGroup section */
		32138B2D2858860200916700 /* NaturianAPP.xcdatamodeld */ = {
			isa = XCVersionGroup;
			children = (
				32138B2E2858860200916700 /* NaturianAPP.xcdatamodel */,
			);
			currentVersion = 32138B2E2858860200916700 /* NaturianAPP.xcdatamodel */;
			path = NaturianAPP.xcdatamodeld;
			sourceTree = "<group>";
			versionGroupType = wrapper.xcdatamodel;
		};
/* End XCVersionGroup section */
	};
	rootObject = 32138B192858860200916700 /* Project object */;
}
